
Microsoft Visual Studio Solution File, Format Version 12.00
# Visual Studio Version 16
VisualStudioVersion = 16.0.29509.3
MinimumVisualStudioVersion = 10.0.40219.1
Project("{FAE04EC0-301F-11D3-BF4B-00C04F79EFBC}") = "ProjectApp", "ProjectApp\ProjectApp.csproj", "{371BC006-B625-4DE4-A7CA-A28D280A1E7D}"
EndProject
Project("{FAE04EC0-301F-11D3-BF4B-00C04F79EFBC}") = "Entities", "Entities\Entities.csproj", "{9C9BCEF5-D724-434C-B089-F1708D2FFA7E}"
EndProject
Project("{FAE04EC0-301F-11D3-BF4B-00C04F79EFBC}") = "CreateData", "CreateData\CreateData.csproj", "{5517FBAC-9009-4A87-8A2C-6C7D582A6AF5}"
EndProject
Global
	GlobalSection(SolutionConfigurationPlatforms) = preSolution
		Debug|Any CPU = Debug|Any CPU
		Release|Any CPU = Release|Any CPU
	EndGlobalSection
	GlobalSection(ProjectConfigurationPlatforms) = postSolution
		{371BC006-B625-4DE4-A7CA-A28D280A1E7D}.Debug|Any CPU.ActiveCfg = Debug|Any CPU
		{371BC006-B625-4DE4-A7CA-A28D280A1E7D}.Debug|Any CPU.Build.0 = Debug|Any CPU
		{371BC006-B625-4DE4-A7CA-A28D280A1E7D}.Release|Any CPU.ActiveCfg = Release|Any CPU
		{371BC006-B625-4DE4-A7CA-A28D280A1E7D}.Release|Any CPU.Build.0 = Release|Any CPU
		{9C9BCEF5-D724-434C-B089-F1708D2FFA7E}.Debug|Any CPU.ActiveCfg = Debug|Any CPU
		{9C9BCEF5-D724-434C-B089-F1708D2FFA7E}.Debug|Any CPU.Build.0 = Debug|Any CPU
		{9C9BCEF5-D724-434C-B089-F1708D2FFA7E}.Release|Any CPU.ActiveCfg = Release|Any CPU
		{9C9BCEF5-D724-434C-B089-F1708D2FFA7E}.Release|Any CPU.Build.0 = Release|Any CPU
		{5517FBAC-9009-4A87-8A2C-6C7D582A6AF5}.Debug|Any CPU.ActiveCfg = Debug|Any CPU
		{5517FBAC-9009-4A87-8A2C-6C7D582A6AF5}.Debug|Any CPU.Build.0 = Debug|Any CPU
		{5517FBAC-9009-4A87-8A2C-6C7D582A6AF5}.Release|Any CPU.ActiveCfg = Release|Any CPU
		{5517FBAC-9009-4A87-8A2C-6C7D582A6AF5}.Release|Any CPU.Build.0 = Release|Any CPU
	EndGlobalSection
	GlobalSection(SolutionProperties) = preSolution
		HideSolutionNode = FALSE
	EndGlobalSection
	GlobalSection(ExtensibilityGlobals) = postSolution
		SolutionGuid = {821595B1-1F08-429B-AE07-AC9626F59A33}
	EndGlobalSection
EndGlobal
